
Microsoft Visual Studio Solution File, Format Version 12.00
# Visual Studio 2013
VisualStudioVersion = 12.0.40629.0
MinimumVisualStudioVersion = 10.0.40219.1
Project("{FAE04EC0-301F-11D3-BF4B-00C04F79EFBC}") = "AntiPlagiarism_App", "AntiPlagiarism_App\AntiPlagiarism_App.csproj", "{FA06134B-ECA2-426F-8BAF-22D7F8807272}"
EndProject
Global
	GlobalSection(SolutionConfigurationPlatforms) = preSolution
		Debug|Any CPU = Debug|Any CPU
		Release|Any CPU = Release|Any CPU
	EndGlobalSection
	GlobalSection(ProjectConfigurationPlatforms) = postSolution
		{FA06134B-ECA2-426F-8BAF-22D7F8807272}.Debug|Any CPU.ActiveCfg = Debug|Any CPU
		{FA06134B-ECA2-426F-8BAF-22D7F8807272}.Debug|Any CPU.Build.0 = Debug|Any CPU
		{FA06134B-ECA2-426F-8BAF-22D7F8807272}.Release|Any CPU.ActiveCfg = Release|Any CPU
		{FA06134B-ECA2-426F-8BAF-22D7F8807272}.Release|Any CPU.Build.0 = Release|Any CPU
	EndGlobalSection
	GlobalSection(SolutionProperties) = preSolution
		HideSolutionNode = FALSE
	EndGlobalSection
EndGlobal
